
Microsoft Visual Studio Solution File, Format Version 12.00
# Visual Studio Version 17
VisualStudioVersion = 17.0.31903.59
MinimumVisualStudioVersion = 10.0.40219.1
Project("{FAE04EC0-301F-11D3-BF4B-00C04F79EFBC}") = "ClassVsStruct", "ClassVsStruct\ClassVsStruct.csproj", "{676A2A9C-4000-43B4-B67D-1BC1E1C36657}"
EndProject
Project("{FAE04EC0-301F-11D3-BF4B-00C04F79EFBC}") = "StructWithRef", "StructWithRef\StructWithRef.csproj", "{A698DA67-E35D-4D37-8360-2340B1AE3568}"
EndProject
Project("{FAE04EC0-301F-11D3-BF4B-00C04F79EFBC}") = "MiniGame", "MiniGame\MiniGame.csproj", "{BD4E93B5-D9A1-4C45-8C60-44995ADB10C6}"
EndProject
Project("{FAE04EC0-301F-11D3-BF4B-00C04F79EFBC}") = "GameUnits", "GameUnits\GameUnits.csproj", "{C05C6BBB-C38A-4483-A1FF-95CE2D0A59FE}"
EndProject
Global
	GlobalSection(SolutionConfigurationPlatforms) = preSolution
		Debug|Any CPU = Debug|Any CPU
		Release|Any CPU = Release|Any CPU
	EndGlobalSection
	GlobalSection(SolutionProperties) = preSolution
		HideSolutionNode = FALSE
	EndGlobalSection
	GlobalSection(ProjectConfigurationPlatforms) = postSolution
		{676A2A9C-4000-43B4-B67D-1BC1E1C36657}.Debug|Any CPU.ActiveCfg = Debug|Any CPU
		{676A2A9C-4000-43B4-B67D-1BC1E1C36657}.Debug|Any CPU.Build.0 = Debug|Any CPU
		{676A2A9C-4000-43B4-B67D-1BC1E1C36657}.Release|Any CPU.ActiveCfg = Release|Any CPU
		{676A2A9C-4000-43B4-B67D-1BC1E1C36657}.Release|Any CPU.Build.0 = Release|Any CPU
		{A698DA67-E35D-4D37-8360-2340B1AE3568}.Debug|Any CPU.ActiveCfg = Debug|Any CPU
		{A698DA67-E35D-4D37-8360-2340B1AE3568}.Debug|Any CPU.Build.0 = Debug|Any CPU
		{A698DA67-E35D-4D37-8360-2340B1AE3568}.Release|Any CPU.ActiveCfg = Release|Any CPU
		{A698DA67-E35D-4D37-8360-2340B1AE3568}.Release|Any CPU.Build.0 = Release|Any CPU
		{BD4E93B5-D9A1-4C45-8C60-44995ADB10C6}.Debug|Any CPU.ActiveCfg = Debug|Any CPU
		{BD4E93B5-D9A1-4C45-8C60-44995ADB10C6}.Debug|Any CPU.Build.0 = Debug|Any CPU
		{BD4E93B5-D9A1-4C45-8C60-44995ADB10C6}.Release|Any CPU.ActiveCfg = Release|Any CPU
		{BD4E93B5-D9A1-4C45-8C60-44995ADB10C6}.Release|Any CPU.Build.0 = Release|Any CPU
		{C05C6BBB-C38A-4483-A1FF-95CE2D0A59FE}.Debug|Any CPU.ActiveCfg = Debug|Any CPU
		{C05C6BBB-C38A-4483-A1FF-95CE2D0A59FE}.Debug|Any CPU.Build.0 = Debug|Any CPU
		{C05C6BBB-C38A-4483-A1FF-95CE2D0A59FE}.Release|Any CPU.ActiveCfg = Release|Any CPU
		{C05C6BBB-C38A-4483-A1FF-95CE2D0A59FE}.Release|Any CPU.Build.0 = Release|Any CPU
	EndGlobalSection
EndGlobal
